
Microsoft Visual Studio Solution File, Format Version 12.00
# Visual Studio Version 17
VisualStudioVersion = 17.2.32630.192
MinimumVisualStudioVersion = 10.0.40219.1
Project("{2150E333-8FDC-42A3-9474-1A3956D46DE8}") = "src", "src", "{C9AC6BC9-4AE2-490F-8E21-2EAE17FEA3DF}"
EndProject
Project("{2150E333-8FDC-42A3-9474-1A3956D46DE8}") = "tests", "tests", "{591FBBB3-527B-4851-B1D2-89B2E5F04A51}"
EndProject
Project("{2150E333-8FDC-42A3-9474-1A3956D46DE8}") = "corePackages", "corePackages", "{FD8A7791-BDD2-4A08-A676-7DBEDE62DB19}"
EndProject
Project("{FAE04EC0-301F-11D3-BF4B-00C04F79EFBC}") = "Core.Application", "src\corePackages\Core.Application\Core.Application.csproj", "{999F1AB7-C6AA-48E9-BDE5-20124C20D8BE}"
EndProject
Project("{FAE04EC0-301F-11D3-BF4B-00C04F79EFBC}") = "Core.Persistence", "src\corePackages\Core.Persistence\Core.Persistence.csproj", "{2F670B8F-C09F-443A-B054-5050593E2113}"
EndProject
Project("{FAE04EC0-301F-11D3-BF4B-00C04F79EFBC}") = "Core.Security", "src\corePackages\Core.Security\Core.Security.csproj", "{4E5A76E0-618A-4606-B793-B1ACE58A3B04}"
EndProject
Project("{FAE04EC0-301F-11D3-BF4B-00C04F79EFBC}") = "Core.CrossCuttingConcers", "src\corePackages\Core.CrossCuttingConcers\Core.CrossCuttingConcers.csproj", "{EFA31966-E581-4CF3-AA7E-A71DE6A11DBF}"
EndProject
Project("{FAE04EC0-301F-11D3-BF4B-00C04F79EFBC}") = "Core.ElasticSearch", "src\corePackages\Core.ElasticSearch\Core.ElasticSearch.csproj", "{F06D92B8-BB47-4740-8F16-08472205CDA7}"
EndProject
Project("{FAE04EC0-301F-11D3-BF4B-00C04F79EFBC}") = "Core.Mailing", "src\corePackages\Core.Mailing\Core.Mailing.csproj", "{13D986DF-DE2C-417C-B96B-CE0E5DA56516}"
EndProject
Project("{FAE04EC0-301F-11D3-BF4B-00C04F79EFBC}") = "Devs.Domain", "src\Devs.Domain\Devs.Domain.csproj", "{D12E1AFF-7B41-420E-A490-A26D73C0DE7B}"
EndProject
Project("{FAE04EC0-301F-11D3-BF4B-00C04F79EFBC}") = "Devs.Infrastructure", "src\Devs.Infrastructure\Devs.Infrastructure.csproj", "{53103704-5EFC-40CD-B915-4CB8B9AE0A9E}"
EndProject
Project("{FAE04EC0-301F-11D3-BF4B-00C04F79EFBC}") = "Devs.Persistence", "src\Devs.Persistence\Devs.Persistence.csproj", "{C8048BD2-1274-4C41-92AC-F99A54C2CF93}"
EndProject
Project("{FAE04EC0-301F-11D3-BF4B-00C04F79EFBC}") = "Devs.WebAPI", "src\Devs.WebAPI\Devs.WebAPI.csproj", "{76A6A3A6-363D-44A1-A558-683DE7DDF35F}"
EndProject
Project("{FAE04EC0-301F-11D3-BF4B-00C04F79EFBC}") = "Devs.Application", "src\Devs.Application\Devs.Application.csproj", "{9C0D0E54-301B-4B64-A727-C9AA1B1FF35A}"
EndProject
Global
	GlobalSection(SolutionConfigurationPlatforms) = preSolution
		Debug|Any CPU = Debug|Any CPU
		Release|Any CPU = Release|Any CPU
	EndGlobalSection
	GlobalSection(ProjectConfigurationPlatforms) = postSolution
		{999F1AB7-C6AA-48E9-BDE5-20124C20D8BE}.Debug|Any CPU.ActiveCfg = Debug|Any CPU
		{999F1AB7-C6AA-48E9-BDE5-20124C20D8BE}.Debug|Any CPU.Build.0 = Debug|Any CPU
		{999F1AB7-C6AA-48E9-BDE5-20124C20D8BE}.Release|Any CPU.ActiveCfg = Release|Any CPU
		{999F1AB7-C6AA-48E9-BDE5-20124C20D8BE}.Release|Any CPU.Build.0 = Release|Any CPU
		{2F670B8F-C09F-443A-B054-5050593E2113}.Debug|Any CPU.ActiveCfg = Debug|Any CPU
		{2F670B8F-C09F-443A-B054-5050593E2113}.Debug|Any CPU.Build.0 = Debug|Any CPU
		{2F670B8F-C09F-443A-B054-5050593E2113}.Release|Any CPU.ActiveCfg = Release|Any CPU
		{2F670B8F-C09F-443A-B054-5050593E2113}.Release|Any CPU.Build.0 = Release|Any CPU
		{4E5A76E0-618A-4606-B793-B1ACE58A3B04}.Debug|Any CPU.ActiveCfg = Debug|Any CPU
		{4E5A76E0-618A-4606-B793-B1ACE58A3B04}.Debug|Any CPU.Build.0 = Debug|Any CPU
		{4E5A76E0-618A-4606-B793-B1ACE58A3B04}.Release|Any CPU.ActiveCfg = Release|Any CPU
		{4E5A76E0-618A-4606-B793-B1ACE58A3B04}.Release|Any CPU.Build.0 = Release|Any CPU
		{EFA31966-E581-4CF3-AA7E-A71DE6A11DBF}.Debug|Any CPU.ActiveCfg = Debug|Any CPU
		{EFA31966-E581-4CF3-AA7E-A71DE6A11DBF}.Debug|Any CPU.Build.0 = Debug|Any CPU
		{EFA31966-E581-4CF3-AA7E-A71DE6A11DBF}.Release|Any CPU.ActiveCfg = Release|Any CPU
		{EFA31966-E581-4CF3-AA7E-A71DE6A11DBF}.Release|Any CPU.Build.0 = Release|Any CPU
		{F06D92B8-BB47-4740-8F16-08472205CDA7}.Debug|Any CPU.ActiveCfg = Debug|Any CPU
		{F06D92B8-BB47-4740-8F16-08472205CDA7}.Debug|Any CPU.Build.0 = Debug|Any CPU
		{F06D92B8-BB47-4740-8F16-08472205CDA7}.Release|Any CPU.ActiveCfg = Release|Any CPU
		{F06D92B8-BB47-4740-8F16-08472205CDA7}.Release|Any CPU.Build.0 = Release|Any CPU
		{13D986DF-DE2C-417C-B96B-CE0E5DA56516}.Debug|Any CPU.ActiveCfg = Debug|Any CPU
		{13D986DF-DE2C-417C-B96B-CE0E5DA56516}.Debug|Any CPU.Build.0 = Debug|Any CPU
		{13D986DF-DE2C-417C-B96B-CE0E5DA56516}.Release|Any CPU.ActiveCfg = Release|Any CPU
		{13D986DF-DE2C-417C-B96B-CE0E5DA56516}.Release|Any CPU.Build.0 = Release|Any CPU
		{D12E1AFF-7B41-420E-A490-A26D73C0DE7B}.Debug|Any CPU.ActiveCfg = Debug|Any CPU
		{D12E1AFF-7B41-420E-A490-A26D73C0DE7B}.Debug|Any CPU.Build.0 = Debug|Any CPU
		{D12E1AFF-7B41-420E-A490-A26D73C0DE7B}.Release|Any CPU.ActiveCfg = Release|Any CPU
		{D12E1AFF-7B41-420E-A490-A26D73C0DE7B}.Release|Any CPU.Build.0 = Release|Any CPU
		{53103704-5EFC-40CD-B915-4CB8B9AE0A9E}.Debug|Any CPU.ActiveCfg = Debug|Any CPU
		{53103704-5EFC-40CD-B915-4CB8B9AE0A9E}.Debug|Any CPU.Build.0 = Debug|Any CPU
		{53103704-5EFC-40CD-B915-4CB8B9AE0A9E}.Release|Any CPU.ActiveCfg = Release|Any CPU
		{53103704-5EFC-40CD-B915-4CB8B9AE0A9E}.Release|Any CPU.Build.0 = Release|Any CPU
		{C8048BD2-1274-4C41-92AC-F99A54C2CF93}.Debug|Any CPU.ActiveCfg = Debug|Any CPU
		{C8048BD2-1274-4C41-92AC-F99A54C2CF93}.Debug|Any CPU.Build.0 = Debug|Any CPU
		{C8048BD2-1274-4C41-92AC-F99A54C2CF93}.Release|Any CPU.ActiveCfg = Release|Any CPU
		{C8048BD2-1274-4C41-92AC-F99A54C2CF93}.Release|Any CPU.Build.0 = Release|Any CPU
		{76A6A3A6-363D-44A1-A558-683DE7DDF35F}.Debug|Any CPU.ActiveCfg = Debug|Any CPU
		{76A6A3A6-363D-44A1-A558-683DE7DDF35F}.Debug|Any CPU.Build.0 = Debug|Any CPU
		{76A6A3A6-363D-44A1-A558-683DE7DDF35F}.Release|Any CPU.ActiveCfg = Release|Any CPU
		{76A6A3A6-363D-44A1-A558-683DE7DDF35F}.Release|Any CPU.Build.0 = Release|Any CPU
		{9C0D0E54-301B-4B64-A727-C9AA1B1FF35A}.Debug|Any CPU.ActiveCfg = Debug|Any CPU
		{9C0D0E54-301B-4B64-A727-C9AA1B1FF35A}.Debug|Any CPU.Build.0 = Debug|Any CPU
		{9C0D0E54-301B-4B64-A727-C9AA1B1FF35A}.Release|Any CPU.ActiveCfg = Release|Any CPU
		{9C0D0E54-301B-4B64-A727-C9AA1B1FF35A}.Release|Any CPU.Build.0 = Release|Any CPU
	EndGlobalSection
	GlobalSection(SolutionProperties) = preSolution
		HideSolutionNode = FALSE
	EndGlobalSection
	GlobalSection(NestedProjects) = preSolution
		{FD8A7791-BDD2-4A08-A676-7DBEDE62DB19} = {C9AC6BC9-4AE2-490F-8E21-2EAE17FEA3DF}
		{999F1AB7-C6AA-48E9-BDE5-20124C20D8BE} = {FD8A7791-BDD2-4A08-A676-7DBEDE62DB19}
		{2F670B8F-C09F-443A-B054-5050593E2113} = {FD8A7791-BDD2-4A08-A676-7DBEDE62DB19}
		{4E5A76E0-618A-4606-B793-B1ACE58A3B04} = {FD8A7791-BDD2-4A08-A676-7DBEDE62DB19}
		{EFA31966-E581-4CF3-AA7E-A71DE6A11DBF} = {FD8A7791-BDD2-4A08-A676-7DBEDE62DB19}
		{F06D92B8-BB47-4740-8F16-08472205CDA7} = {FD8A7791-BDD2-4A08-A676-7DBEDE62DB19}
		{13D986DF-DE2C-417C-B96B-CE0E5DA56516} = {FD8A7791-BDD2-4A08-A676-7DBEDE62DB19}
		{D12E1AFF-7B41-420E-A490-A26D73C0DE7B} = {C9AC6BC9-4AE2-490F-8E21-2EAE17FEA3DF}
		{53103704-5EFC-40CD-B915-4CB8B9AE0A9E} = {C9AC6BC9-4AE2-490F-8E21-2EAE17FEA3DF}
		{C8048BD2-1274-4C41-92AC-F99A54C2CF93} = {C9AC6BC9-4AE2-490F-8E21-2EAE17FEA3DF}
		{76A6A3A6-363D-44A1-A558-683DE7DDF35F} = {C9AC6BC9-4AE2-490F-8E21-2EAE17FEA3DF}
		{9C0D0E54-301B-4B64-A727-C9AA1B1FF35A} = {C9AC6BC9-4AE2-490F-8E21-2EAE17FEA3DF}
	EndGlobalSection
	GlobalSection(ExtensibilityGlobals) = postSolution
		SolutionGuid = {142259D5-04B2-4FEA-A827-E19C50F9DC9E}
	EndGlobalSection
EndGlobal
